
Microsoft Visual Studio Solution File, Format Version 12.00
# Visual Studio Version 16
VisualStudioVersion = 16.0.29509.3
MinimumVisualStudioVersion = 10.0.40219.1
Project("{FAE04EC0-301F-11D3-BF4B-00C04F79EFBC}") = "ConsoleApp1", "ConsoleApp1\ConsoleApp1.csproj", "{C96CB1C4-AAC9-47AD-93B8-975AC271C5DD}"
EndProject
Project("{FAE04EC0-301F-11D3-BF4B-00C04F79EFBC}") = "TechAcademyDailyReport", "TechAcademyDailyReport\TechAcademyDailyReport.csproj", "{0777D3C2-6590-4A8D-9E76-25DCAEDA211D}"
EndProject
Project("{FAE04EC0-301F-11D3-BF4B-00C04F79EFBC}") = "EXERCISE-page66", "EXERCISE-page66\EXERCISE-page66.csproj", "{15988EE1-662E-4DE5-919A-F77589D39958}"
EndProject
Project("{FAE04EC0-301F-11D3-BF4B-00C04F79EFBC}") = "EXERCISE-page67", "EXERCISE-page67\EXERCISE-page67.csproj", "{D01A7E46-E68B-401E-8A89-A701E0186CC1}"
EndProject
Global
	GlobalSection(SolutionConfigurationPlatforms) = preSolution
		Debug|Any CPU = Debug|Any CPU
		Release|Any CPU = Release|Any CPU
	EndGlobalSection
	GlobalSection(ProjectConfigurationPlatforms) = postSolution
		{C96CB1C4-AAC9-47AD-93B8-975AC271C5DD}.Debug|Any CPU.ActiveCfg = Debug|Any CPU
		{C96CB1C4-AAC9-47AD-93B8-975AC271C5DD}.Debug|Any CPU.Build.0 = Debug|Any CPU
		{C96CB1C4-AAC9-47AD-93B8-975AC271C5DD}.Release|Any CPU.ActiveCfg = Release|Any CPU
		{C96CB1C4-AAC9-47AD-93B8-975AC271C5DD}.Release|Any CPU.Build.0 = Release|Any CPU
		{0777D3C2-6590-4A8D-9E76-25DCAEDA211D}.Debug|Any CPU.ActiveCfg = Debug|Any CPU
		{0777D3C2-6590-4A8D-9E76-25DCAEDA211D}.Debug|Any CPU.Build.0 = Debug|Any CPU
		{0777D3C2-6590-4A8D-9E76-25DCAEDA211D}.Release|Any CPU.ActiveCfg = Release|Any CPU
		{0777D3C2-6590-4A8D-9E76-25DCAEDA211D}.Release|Any CPU.Build.0 = Release|Any CPU
		{15988EE1-662E-4DE5-919A-F77589D39958}.Debug|Any CPU.ActiveCfg = Debug|Any CPU
		{15988EE1-662E-4DE5-919A-F77589D39958}.Debug|Any CPU.Build.0 = Debug|Any CPU
		{15988EE1-662E-4DE5-919A-F77589D39958}.Release|Any CPU.ActiveCfg = Release|Any CPU
		{15988EE1-662E-4DE5-919A-F77589D39958}.Release|Any CPU.Build.0 = Release|Any CPU
		{D01A7E46-E68B-401E-8A89-A701E0186CC1}.Debug|Any CPU.ActiveCfg = Debug|Any CPU
		{D01A7E46-E68B-401E-8A89-A701E0186CC1}.Debug|Any CPU.Build.0 = Debug|Any CPU
		{D01A7E46-E68B-401E-8A89-A701E0186CC1}.Release|Any CPU.ActiveCfg = Release|Any CPU
		{D01A7E46-E68B-401E-8A89-A701E0186CC1}.Release|Any CPU.Build.0 = Release|Any CPU
	EndGlobalSection
	GlobalSection(SolutionProperties) = preSolution
		HideSolutionNode = FALSE
	EndGlobalSection
	GlobalSection(ExtensibilityGlobals) = postSolution
		SolutionGuid = {A341A801-0935-431E-802B-30551D9D34D1}
	EndGlobalSection
EndGlobal
