
Microsoft Visual Studio Solution File, Format Version 12.00
# Visual Studio Version 16
VisualStudioVersion = 16.0.29509.3
MinimumVisualStudioVersion = 10.0.40219.1
Project("{FAE04EC0-301F-11D3-BF4B-00C04F79EFBC}") = "ConsoleApp1", "ConsoleApp1\ConsoleApp1.csproj", "{C96CB1C4-AAC9-47AD-93B8-975AC271C5DD}"
EndProject
Project("{FAE04EC0-301F-11D3-BF4B-00C04F79EFBC}") = "TechAcademyDailyReport", "TechAcademyDailyReport\TechAcademyDailyReport.csproj", "{0777D3C2-6590-4A8D-9E76-25DCAEDA211D}"
EndProject
Project("{FAE04EC0-301F-11D3-BF4B-00C04F79EFBC}") = "EXERCISE-page66", "EXERCISE-page66\EXERCISE-page66.csproj", "{15988EE1-662E-4DE5-919A-F77589D39958}"
EndProject
Project("{FAE04EC0-301F-11D3-BF4B-00C04F79EFBC}") = "EXERCISE-page67", "EXERCISE-page67\EXERCISE-page67.csproj", "{D01A7E46-E68B-401E-8A89-A701E0186CC1}"
EndProject
Project("{FAE04EC0-301F-11D3-BF4B-00C04F79EFBC}") = "EXERCISE-page75", "EXERCISE-page75\EXERCISE-page75.csproj", "{0EFA3873-3096-45C6-94BE-FF5FD7F020F6}"
EndProject
Project("{FAE04EC0-301F-11D3-BF4B-00C04F79EFBC}") = "EXERCISE-page92", "EXERCISE-page92\EXERCISE-page92.csproj", "{7CC56AD3-1F57-42FD-8780-81C4E172FD74}"
EndProject
Project("{FAE04EC0-301F-11D3-BF4B-00C04F79EFBC}") = "EXERCISE-page94", "EXERCISE-page94\EXERCISE-page94.csproj", "{DDF6F3E1-C4BE-4237-9570-5EECA9C4BC37}"
EndProject
Project("{FAE04EC0-301F-11D3-BF4B-00C04F79EFBC}") = "Exercise-page-97", "Exercise-page-97\Exercise-page-97.csproj", "{C6782F79-DBE7-457F-908A-1D9EE5038C9E}"
EndProject
Project("{FAE04EC0-301F-11D3-BF4B-00C04F79EFBC}") = "Exercise-page100", "Exercise-page100\Exercise-page100.csproj", "{3E6DEDAE-B441-4575-AC3E-26616EC3AA8E}"
EndProject
Project("{FAE04EC0-301F-11D3-BF4B-00C04F79EFBC}") = "Exercise-page103", "Exercise-page103\Exercise-page103.csproj", "{7EDD93F4-B8F3-4DFC-A42C-B75269351647}"
EndProject
Project("{FAE04EC0-301F-11D3-BF4B-00C04F79EFBC}") = "Exercise-page106", "Exercise-page106\Exercise-page106.csproj", "{423B2516-010C-4C64-8500-B0142F5C3829}"
EndProject
Project("{FAE04EC0-301F-11D3-BF4B-00C04F79EFBC}") = "Game21", "Game21\Game21.csproj", "{5983310F-7CD2-4397-BDCC-79DC26D98300}"
EndProject
Project("{FAE04EC0-301F-11D3-BF4B-00C04F79EFBC}") = "Exercise-page111", "Exercise-page111\Exercise-page111.csproj", "{1F9BB0E0-24B0-4283-9CBF-FB0F49E316F9}"
EndProject
Global
	GlobalSection(SolutionConfigurationPlatforms) = preSolution
		Debug|Any CPU = Debug|Any CPU
		Release|Any CPU = Release|Any CPU
	EndGlobalSection
	GlobalSection(ProjectConfigurationPlatforms) = postSolution
		{C96CB1C4-AAC9-47AD-93B8-975AC271C5DD}.Debug|Any CPU.ActiveCfg = Debug|Any CPU
		{C96CB1C4-AAC9-47AD-93B8-975AC271C5DD}.Debug|Any CPU.Build.0 = Debug|Any CPU
		{C96CB1C4-AAC9-47AD-93B8-975AC271C5DD}.Release|Any CPU.ActiveCfg = Release|Any CPU
		{C96CB1C4-AAC9-47AD-93B8-975AC271C5DD}.Release|Any CPU.Build.0 = Release|Any CPU
		{0777D3C2-6590-4A8D-9E76-25DCAEDA211D}.Debug|Any CPU.ActiveCfg = Debug|Any CPU
		{0777D3C2-6590-4A8D-9E76-25DCAEDA211D}.Debug|Any CPU.Build.0 = Debug|Any CPU
		{0777D3C2-6590-4A8D-9E76-25DCAEDA211D}.Release|Any CPU.ActiveCfg = Release|Any CPU
		{0777D3C2-6590-4A8D-9E76-25DCAEDA211D}.Release|Any CPU.Build.0 = Release|Any CPU
		{15988EE1-662E-4DE5-919A-F77589D39958}.Debug|Any CPU.ActiveCfg = Debug|Any CPU
		{15988EE1-662E-4DE5-919A-F77589D39958}.Debug|Any CPU.Build.0 = Debug|Any CPU
		{15988EE1-662E-4DE5-919A-F77589D39958}.Release|Any CPU.ActiveCfg = Release|Any CPU
		{15988EE1-662E-4DE5-919A-F77589D39958}.Release|Any CPU.Build.0 = Release|Any CPU
		{D01A7E46-E68B-401E-8A89-A701E0186CC1}.Debug|Any CPU.ActiveCfg = Debug|Any CPU
		{D01A7E46-E68B-401E-8A89-A701E0186CC1}.Debug|Any CPU.Build.0 = Debug|Any CPU
		{D01A7E46-E68B-401E-8A89-A701E0186CC1}.Release|Any CPU.ActiveCfg = Release|Any CPU
		{D01A7E46-E68B-401E-8A89-A701E0186CC1}.Release|Any CPU.Build.0 = Release|Any CPU
		{0EFA3873-3096-45C6-94BE-FF5FD7F020F6}.Debug|Any CPU.ActiveCfg = Debug|Any CPU
		{0EFA3873-3096-45C6-94BE-FF5FD7F020F6}.Debug|Any CPU.Build.0 = Debug|Any CPU
		{0EFA3873-3096-45C6-94BE-FF5FD7F020F6}.Release|Any CPU.ActiveCfg = Release|Any CPU
		{0EFA3873-3096-45C6-94BE-FF5FD7F020F6}.Release|Any CPU.Build.0 = Release|Any CPU
		{7CC56AD3-1F57-42FD-8780-81C4E172FD74}.Debug|Any CPU.ActiveCfg = Debug|Any CPU
		{7CC56AD3-1F57-42FD-8780-81C4E172FD74}.Debug|Any CPU.Build.0 = Debug|Any CPU
		{7CC56AD3-1F57-42FD-8780-81C4E172FD74}.Release|Any CPU.ActiveCfg = Release|Any CPU
		{7CC56AD3-1F57-42FD-8780-81C4E172FD74}.Release|Any CPU.Build.0 = Release|Any CPU
		{DDF6F3E1-C4BE-4237-9570-5EECA9C4BC37}.Debug|Any CPU.ActiveCfg = Debug|Any CPU
		{DDF6F3E1-C4BE-4237-9570-5EECA9C4BC37}.Debug|Any CPU.Build.0 = Debug|Any CPU
		{DDF6F3E1-C4BE-4237-9570-5EECA9C4BC37}.Release|Any CPU.ActiveCfg = Release|Any CPU
		{DDF6F3E1-C4BE-4237-9570-5EECA9C4BC37}.Release|Any CPU.Build.0 = Release|Any CPU
		{C6782F79-DBE7-457F-908A-1D9EE5038C9E}.Debug|Any CPU.ActiveCfg = Debug|Any CPU
		{C6782F79-DBE7-457F-908A-1D9EE5038C9E}.Debug|Any CPU.Build.0 = Debug|Any CPU
		{C6782F79-DBE7-457F-908A-1D9EE5038C9E}.Release|Any CPU.ActiveCfg = Release|Any CPU
		{C6782F79-DBE7-457F-908A-1D9EE5038C9E}.Release|Any CPU.Build.0 = Release|Any CPU
		{3E6DEDAE-B441-4575-AC3E-26616EC3AA8E}.Debug|Any CPU.ActiveCfg = Debug|Any CPU
		{3E6DEDAE-B441-4575-AC3E-26616EC3AA8E}.Debug|Any CPU.Build.0 = Debug|Any CPU
		{3E6DEDAE-B441-4575-AC3E-26616EC3AA8E}.Release|Any CPU.ActiveCfg = Release|Any CPU
		{3E6DEDAE-B441-4575-AC3E-26616EC3AA8E}.Release|Any CPU.Build.0 = Release|Any CPU
		{7EDD93F4-B8F3-4DFC-A42C-B75269351647}.Debug|Any CPU.ActiveCfg = Debug|Any CPU
		{7EDD93F4-B8F3-4DFC-A42C-B75269351647}.Debug|Any CPU.Build.0 = Debug|Any CPU
		{7EDD93F4-B8F3-4DFC-A42C-B75269351647}.Release|Any CPU.ActiveCfg = Release|Any CPU
		{7EDD93F4-B8F3-4DFC-A42C-B75269351647}.Release|Any CPU.Build.0 = Release|Any CPU
		{423B2516-010C-4C64-8500-B0142F5C3829}.Debug|Any CPU.ActiveCfg = Debug|Any CPU
		{423B2516-010C-4C64-8500-B0142F5C3829}.Debug|Any CPU.Build.0 = Debug|Any CPU
		{423B2516-010C-4C64-8500-B0142F5C3829}.Release|Any CPU.ActiveCfg = Release|Any CPU
		{423B2516-010C-4C64-8500-B0142F5C3829}.Release|Any CPU.Build.0 = Release|Any CPU
		{5983310F-7CD2-4397-BDCC-79DC26D98300}.Debug|Any CPU.ActiveCfg = Debug|Any CPU
		{5983310F-7CD2-4397-BDCC-79DC26D98300}.Debug|Any CPU.Build.0 = Debug|Any CPU
		{5983310F-7CD2-4397-BDCC-79DC26D98300}.Release|Any CPU.ActiveCfg = Release|Any CPU
		{5983310F-7CD2-4397-BDCC-79DC26D98300}.Release|Any CPU.Build.0 = Release|Any CPU
		{1F9BB0E0-24B0-4283-9CBF-FB0F49E316F9}.Debug|Any CPU.ActiveCfg = Debug|Any CPU
		{1F9BB0E0-24B0-4283-9CBF-FB0F49E316F9}.Debug|Any CPU.Build.0 = Debug|Any CPU
		{1F9BB0E0-24B0-4283-9CBF-FB0F49E316F9}.Release|Any CPU.ActiveCfg = Release|Any CPU
		{1F9BB0E0-24B0-4283-9CBF-FB0F49E316F9}.Release|Any CPU.Build.0 = Release|Any CPU
	EndGlobalSection
	GlobalSection(SolutionProperties) = preSolution
		HideSolutionNode = FALSE
	EndGlobalSection
	GlobalSection(ExtensibilityGlobals) = postSolution
		SolutionGuid = {A341A801-0935-431E-802B-30551D9D34D1}
	EndGlobalSection
EndGlobal
